
Microsoft Visual Studio Solution File, Format Version 12.00
# Visual Studio Version 16
VisualStudioVersion = 16.0.30002.166
MinimumVisualStudioVersion = 10.0.40219.1
Project("{FAE04EC0-301F-11D3-BF4B-00C04F79EFBC}") = "TrashCollectorProject", "TrashCollectorProject.csproj", "{6F5877FF-6253-4753-9368-62432F9D7B30}"
EndProject
Global
	GlobalSection(SolutionConfigurationPlatforms) = preSolution
		Debug|Any CPU = Debug|Any CPU
		Release|Any CPU = Release|Any CPU
	EndGlobalSection
	GlobalSection(ProjectConfigurationPlatforms) = postSolution
		{6F5877FF-6253-4753-9368-62432F9D7B30}.Debug|Any CPU.ActiveCfg = Debug|Any CPU
		{6F5877FF-6253-4753-9368-62432F9D7B30}.Debug|Any CPU.Build.0 = Debug|Any CPU
		{6F5877FF-6253-4753-9368-62432F9D7B30}.Release|Any CPU.ActiveCfg = Release|Any CPU
		{6F5877FF-6253-4753-9368-62432F9D7B30}.Release|Any CPU.Build.0 = Release|Any CPU
	EndGlobalSection
	GlobalSection(SolutionProperties) = preSolution
		HideSolutionNode = FALSE
	EndGlobalSection
	GlobalSection(ExtensibilityGlobals) = postSolution
		SolutionGuid = {64CDD7C8-F60D-46AE-8C40-3585081549A2}
	EndGlobalSection
EndGlobal
